// !$*UTF8*$!
{
	archiveVersion = 1;
	classes = {
	};
	objectVersion = 56;
	objects = {

/* Begin PBXBuildFile section */
		4642BA7F2AA11BC5008FD075 /* Chumovskikh_HW1App.swift in Sources */ = {isa = PBXBuildFile; fileRef = 4642BA7E2AA11BC5008FD075 /* Chumovskikh_HW1App.swift */; };
		4642BA812AA11BC5008FD075 /* ContentView.swift in Sources */ = {isa = PBXBuildFile; fileRef = 4642BA802AA11BC5008FD075 /* ContentView.swift */; };
		4642BA832AA11BC7008FD075 /* Assets.xcassets in Resources */ = {isa = PBXBuildFile; fileRef = 4642BA822AA11BC7008FD075 /* Assets.xcassets */; };
		4642BA862AA11BC7008FD075 /* Preview Assets.xcassets in Resources */ = {isa = PBXBuildFile; fileRef = 4642BA852AA11BC7008FD075 /* Preview Assets.xcassets */; };
		4642BA8D2AA11C46008FD075 /* RecipeListTabView.swift in Sources */ = {isa = PBXBuildFile; fileRef = 4642BA8C2AA11C46008FD075 /* RecipeListTabView.swift */; };
		4642BA8F2AA11C65008FD075 /* SettingsTabView.swift in Sources */ = {isa = PBXBuildFile; fileRef = 4642BA8E2AA11C65008FD075 /* SettingsTabView.swift */; };
		4642BA912AA11CA2008FD075 /* FavoritesTabView.swift in Sources */ = {isa = PBXBuildFile; fileRef = 4642BA902AA11CA2008FD075 /* FavoritesTabView.swift */; };
		46E2CEBB2AA85FC500391A15 /* RecipeDestinationView.swift in Sources */ = {isa = PBXBuildFile; fileRef = 46E2CEBA2AA85FC500391A15 /* RecipeDestinationView.swift */; };
		46E2CEBE2AA8623300391A15 /* Recipe.swift in Sources */ = {isa = PBXBuildFile; fileRef = 46E2CEBD2AA8623300391A15 /* Recipe.swift */; };
/* End PBXBuildFile section */

/* Begin PBXFileReference section */
		4642BA7B2AA11BC5008FD075 /* Chumovskikh_HW1.app */ = {isa = PBXFileReference; explicitFileType = wrapper.application; includeInIndex = 0; path = Chumovskikh_HW1.app; sourceTree = BUILT_PRODUCTS_DIR; };
		4642BA7E2AA11BC5008FD075 /* Chumovskikh_HW1App.swift */ = {isa = PBXFileReference; lastKnownFileType = sourcecode.swift; path = Chumovskikh_HW1App.swift; sourceTree = "<group>"; };
		4642BA802AA11BC5008FD075 /* ContentView.swift */ = {isa = PBXFileReference; lastKnownFileType = sourcecode.swift; path = ContentView.swift; sourceTree = "<group>"; };
		4642BA822AA11BC7008FD075 /* Assets.xcassets */ = {isa = PBXFileReference; lastKnownFileType = folder.assetcatalog; path = Assets.xcassets; sourceTree = "<group>"; };
		4642BA852AA11BC7008FD075 /* Preview Assets.xcassets */ = {isa = PBXFileReference; lastKnownFileType = folder.assetcatalog; path = "Preview Assets.xcassets"; sourceTree = "<group>"; };
		4642BA8C2AA11C46008FD075 /* RecipeListTabView.swift */ = {isa = PBXFileReference; lastKnownFileType = sourcecode.swift; path = RecipeListTabView.swift; sourceTree = "<group>"; };
		4642BA8E2AA11C65008FD075 /* SettingsTabView.swift */ = {isa = PBXFileReference; lastKnownFileType = sourcecode.swift; path = SettingsTabView.swift; sourceTree = "<group>"; };
		4642BA902AA11CA2008FD075 /* FavoritesTabView.swift */ = {isa = PBXFileReference; lastKnownFileType = sourcecode.swift; path = FavoritesTabView.swift; sourceTree = "<group>"; };
		46E2CEBA2AA85FC500391A15 /* RecipeDestinationView.swift */ = {isa = PBXFileReference; lastKnownFileType = sourcecode.swift; path = RecipeDestinationView.swift; sourceTree = "<group>"; };
		46E2CEBD2AA8623300391A15 /* Recipe.swift */ = {isa = PBXFileReference; lastKnownFileType = sourcecode.swift; path = Recipe.swift; sourceTree = "<group>"; };
/* End PBXFileReference section */

/* Begin PBXFrameworksBuildPhase section */
		4642BA782AA11BC5008FD075 /* Frameworks */ = {
			isa = PBXFrameworksBuildPhase;
			buildActionMask = 2147483647;
			files = (
			);
			runOnlyForDeploymentPostprocessing = 0;
		};
/* End PBXFrameworksBuildPhase section */

/* Begin PBXGroup section */
		4642BA722AA11BC5008FD075 = {
			isa = PBXGroup;
			children = (
				4642BA7D2AA11BC5008FD075 /* Chumovskikh_HW1 */,
				4642BA7C2AA11BC5008FD075 /* Products */,
			);
			sourceTree = "<group>";
		};
		4642BA7C2AA11BC5008FD075 /* Products */ = {
			isa = PBXGroup;
			children = (
				4642BA7B2AA11BC5008FD075 /* Chumovskikh_HW1.app */,
			);
			name = Products;
			sourceTree = "<group>";
		};
		4642BA7D2AA11BC5008FD075 /* Chumovskikh_HW1 */ = {
			isa = PBXGroup;
			children = (
				4642BA7E2AA11BC5008FD075 /* Chumovskikh_HW1App.swift */,
				4642BA802AA11BC5008FD075 /* ContentView.swift */,
				46828B872AA4FBC800A8569E /* TabScreens */,
				4642BA822AA11BC7008FD075 /* Assets.xcassets */,
				4642BA842AA11BC7008FD075 /* Preview Content */,
			);
			path = Chumovskikh_HW1;
			sourceTree = "<group>";
		};
		4642BA842AA11BC7008FD075 /* Preview Content */ = {
			isa = PBXGroup;
			children = (
				4642BA852AA11BC7008FD075 /* Preview Assets.xcassets */,
			);
			path = "Preview Content";
			sourceTree = "<group>";
		};
		46828B872AA4FBC800A8569E /* TabScreens */ = {
			isa = PBXGroup;
			children = (
				46E2CEBF2AA8630500391A15 /* FirstTab */,
				46E2CEB92AA85FAC00391A15 /* SecondTab */,
				46E2CEC02AA8631100391A15 /* ThirdTab */,
			);
			path = TabScreens;
			sourceTree = "<group>";
		};
		46E2CEB92AA85FAC00391A15 /* SecondTab */ = {
			isa = PBXGroup;
			children = (
				46E2CEBC2AA8621D00391A15 /* Model */,
				4642BA8C2AA11C46008FD075 /* RecipeListTabView.swift */,
				46E2CEBA2AA85FC500391A15 /* RecipeDestinationView.swift */,
			);
			path = SecondTab;
			sourceTree = "<group>";
		};
		46E2CEBC2AA8621D00391A15 /* Model */ = {
			isa = PBXGroup;
			children = (
				46E2CEBD2AA8623300391A15 /* Recipe.swift */,
			);
			path = Model;
			sourceTree = "<group>";
		};
		46E2CEBF2AA8630500391A15 /* FirstTab */ = {
			isa = PBXGroup;
			children = (
				4642BA902AA11CA2008FD075 /* FavoritesTabView.swift */,
			);
			path = FirstTab;
			sourceTree = "<group>";
		};
		46E2CEC02AA8631100391A15 /* ThirdTab */ = {
			isa = PBXGroup;
			children = (
				4642BA8E2AA11C65008FD075 /* SettingsTabView.swift */,
			);
			path = ThirdTab;
			sourceTree = "<group>";
		};
/* End PBXGroup section */

/* Begin PBXNativeTarget section */
		4642BA7A2AA11BC5008FD075 /* Chumovskikh_HW1 */ = {
			isa = PBXNativeTarget;
			buildConfigurationList = 4642BA892AA11BC7008FD075 /* Build configuration list for PBXNativeTarget "Chumovskikh_HW1" */;
			buildPhases = (
				4642BA772AA11BC5008FD075 /* Sources */,
				4642BA782AA11BC5008FD075 /* Frameworks */,
				4642BA792AA11BC5008FD075 /* Resources */,
			);
			buildRules = (
			);
			dependencies = (
			);
			name = Chumovskikh_HW1;
			productName = Chumovskikh_HW1;
			productReference = 4642BA7B2AA11BC5008FD075 /* Chumovskikh_HW1.app */;
			productType = "com.apple.product-type.application";
		};
/* End PBXNativeTarget section */

/* Begin PBXProject section */
		4642BA732AA11BC5008FD075 /* Project object */ = {
			isa = PBXProject;
			attributes = {
				BuildIndependentTargetsInParallel = 1;
				LastSwiftUpdateCheck = 1430;
				LastUpgradeCheck = 1430;
				TargetAttributes = {
					4642BA7A2AA11BC5008FD075 = {
						CreatedOnToolsVersion = 14.3.1;
					};
				};
			};
			buildConfigurationList = 4642BA762AA11BC5008FD075 /* Build configuration list for PBXProject "Chumovskikh_HW1" */;
			compatibilityVersion = "Xcode 14.0";
			developmentRegion = en;
			hasScannedForEncodings = 0;
			knownRegions = (
				en,
				Base,
			);
			mainGroup = 4642BA722AA11BC5008FD075;
			productRefGroup = 4642BA7C2AA11BC5008FD075 /* Products */;
			projectDirPath = "";
			projectRoot = "";
			targets = (
				4642BA7A2AA11BC5008FD075 /* Chumovskikh_HW1 */,
			);
		};
/* End PBXProject section */

/* Begin PBXResourcesBuildPhase section */
		4642BA792AA11BC5008FD075 /* Resources */ = {
			isa = PBXResourcesBuildPhase;
			buildActionMask = 2147483647;
			files = (
				4642BA862AA11BC7008FD075 /* Preview Assets.xcassets in Resources */,
				4642BA832AA11BC7008FD075 /* Assets.xcassets in Resources */,
			);
			runOnlyForDeploymentPostprocessing = 0;
		};
/* End PBXResourcesBuildPhase section */

/* Begin PBXSourcesBuildPhase section */
		4642BA772AA11BC5008FD075 /* Sources */ = {
			isa = PBXSourcesBuildPhase;
			buildActionMask = 2147483647;
			files = (
				46E2CEBB2AA85FC500391A15 /* RecipeDestinationView.swift in Sources */,
				4642BA8F2AA11C65008FD075 /* SettingsTabView.swift in Sources */,
				46E2CEBE2AA8623300391A15 /* Recipe.swift in Sources */,
				4642BA812AA11BC5008FD075 /* ContentView.swift in Sources */,
				4642BA7F2AA11BC5008FD075 /* Chumovskikh_HW1App.swift in Sources */,
				4642BA8D2AA11C46008FD075 /* RecipeListTabView.swift in Sources */,
				4642BA912AA11CA2008FD075 /* FavoritesTabView.swift in Sources */,
			);
			runOnlyForDeploymentPostprocessing = 0;
		};
/* End PBXSourcesBuildPhase section */

/* Begin XCBuildConfiguration section */
		4642BA872AA11BC7008FD075 /* Debug */ = {
			isa = XCBuildConfiguration;
			buildSettings = {
				ALWAYS_SEARCH_USER_PATHS = NO;
				CLANG_ANALYZER_NONNULL = YES;
				CLANG_ANALYZER_NUMBER_OBJECT_CONVERSION = YES_AGGRESSIVE;
				CLANG_CXX_LANGUAGE_STANDARD = "gnu++20";
				CLANG_ENABLE_MODULES = YES;
				CLANG_ENABLE_OBJC_ARC = YES;
				CLANG_ENABLE_OBJC_WEAK = YES;
				CLANG_WARN_BLOCK_CAPTURE_AUTORELEASING = YES;
				CLANG_WARN_BOOL_CONVERSION = YES;
				CLANG_WARN_COMMA = YES;
				CLANG_WARN_CONSTANT_CONVERSION = YES;
				CLANG_WARN_DEPRECATED_OBJC_IMPLEMENTATIONS = YES;
				CLANG_WARN_DIRECT_OBJC_ISA_USAGE = YES_ERROR;
				CLANG_WARN_DOCUMENTATION_COMMENTS = YES;
				CLANG_WARN_EMPTY_BODY = YES;
				CLANG_WARN_ENUM_CONVERSION = YES;
				CLANG_WARN_INFINITE_RECURSION = YES;
				CLANG_WARN_INT_CONVERSION = YES;
				CLANG_WARN_NON_LITERAL_NULL_CONVERSION = YES;
				CLANG_WARN_OBJC_IMPLICIT_RETAIN_SELF = YES;
				CLANG_WARN_OBJC_LITERAL_CONVERSION = YES;
				CLANG_WARN_OBJC_ROOT_CLASS = YES_ERROR;
				CLANG_WARN_QUOTED_INCLUDE_IN_FRAMEWORK_HEADER = YES;
				CLANG_WARN_RANGE_LOOP_ANALYSIS = YES;
				CLANG_WARN_STRICT_PROTOTYPES = YES;
				CLANG_WARN_SUSPICIOUS_MOVE = YES;
				CLANG_WARN_UNGUARDED_AVAILABILITY = YES_AGGRESSIVE;
				CLANG_WARN_UNREACHABLE_CODE = YES;
				CLANG_WARN__DUPLICATE_METHOD_MATCH = YES;
				COPY_PHASE_STRIP = NO;
				DEBUG_INFORMATION_FORMAT = dwarf;
				ENABLE_STRICT_OBJC_MSGSEND = YES;
				ENABLE_TESTABILITY = YES;
				GCC_C_LANGUAGE_STANDARD = gnu11;
				GCC_DYNAMIC_NO_PIC = NO;
				GCC_NO_COMMON_BLOCKS = YES;
				GCC_OPTIMIZATION_LEVEL = 0;
				GCC_PREPROCESSOR_DEFINITIONS = (
					"DEBUG=1",
					"$(inherited)",
				);
				GCC_WARN_64_TO_32_BIT_CONVERSION = YES;
				GCC_WARN_ABOUT_RETURN_TYPE = YES_ERROR;
				GCC_WARN_UNDECLARED_SELECTOR = YES;
				GCC_WARN_UNINITIALIZED_AUTOS = YES_AGGRESSIVE;
				GCC_WARN_UNUSED_FUNCTION = YES;
				GCC_WARN_UNUSED_VARIABLE = YES;
				IPHONEOS_DEPLOYMENT_TARGET = 16.4;
				MTL_ENABLE_DEBUG_INFO = INCLUDE_SOURCE;
				MTL_FAST_MATH = YES;
				ONLY_ACTIVE_ARCH = YES;
				SDKROOT = iphoneos;
				SWIFT_ACTIVE_COMPILATION_CONDITIONS = DEBUG;
				SWIFT_OPTIMIZATION_LEVEL = "-Onone";
			};
			name = Debug;
		};
		4642BA882AA11BC7008FD075 /* Release */ = {
			isa = XCBuildConfiguration;
			buildSettings = {
				ALWAYS_SEARCH_USER_PATHS = NO;
				CLANG_ANALYZER_NONNULL = YES;
				CLANG_ANALYZER_NUMBER_OBJECT_CONVERSION = YES_AGGRESSIVE;
				CLANG_CXX_LANGUAGE_STANDARD = "gnu++20";
				CLANG_ENABLE_MODULES = YES;
				CLANG_ENABLE_OBJC_ARC = YES;
				CLANG_ENABLE_OBJC_WEAK = YES;
				CLANG_WARN_BLOCK_CAPTURE_AUTORELEASING = YES;
				CLANG_WARN_BOOL_CONVERSION = YES;
				CLANG_WARN_COMMA = YES;
				CLANG_WARN_CONSTANT_CONVERSION = YES;
				CLANG_WARN_DEPRECATED_OBJC_IMPLEMENTATIONS = YES;
				CLANG_WARN_DIRECT_OBJC_ISA_USAGE = YES_ERROR;
				CLANG_WARN_DOCUMENTATION_COMMENTS = YES;
				CLANG_WARN_EMPTY_BODY = YES;
				CLANG_WARN_ENUM_CONVERSION = YES;
				CLANG_WARN_INFINITE_RECURSION = YES;
				CLANG_WARN_INT_CONVERSION = YES;
				CLANG_WARN_NON_LITERAL_NULL_CONVERSION = YES;
				CLANG_WARN_OBJC_IMPLICIT_RETAIN_SELF = YES;
				CLANG_WARN_OBJC_LITERAL_CONVERSION = YES;
				CLANG_WARN_OBJC_ROOT_CLASS = YES_ERROR;
				CLANG_WARN_QUOTED_INCLUDE_IN_FRAMEWORK_HEADER = YES;
				CLANG_WARN_RANGE_LOOP_ANALYSIS = YES;
				CLANG_WARN_STRICT_PROTOTYPES = YES;
				CLANG_WARN_SUSPICIOUS_MOVE = YES;
				CLANG_WARN_UNGUARDED_AVAILABILITY = YES_AGGRESSIVE;
				CLANG_WARN_UNREACHABLE_CODE = YES;
				CLANG_WARN__DUPLICATE_METHOD_MATCH = YES;
				COPY_PHASE_STRIP = NO;
				DEBUG_INFORMATION_FORMAT = "dwarf-with-dsym";
				ENABLE_NS_ASSERTIONS = NO;
				ENABLE_STRICT_OBJC_MSGSEND = YES;
				GCC_C_LANGUAGE_STANDARD = gnu11;
				GCC_NO_COMMON_BLOCKS = YES;
				GCC_WARN_64_TO_32_BIT_CONVERSION = YES;
				GCC_WARN_ABOUT_RETURN_TYPE = YES_ERROR;
				GCC_WARN_UNDECLARED_SELECTOR = YES;
				GCC_WARN_UNINITIALIZED_AUTOS = YES_AGGRESSIVE;
				GCC_WARN_UNUSED_FUNCTION = YES;
				GCC_WARN_UNUSED_VARIABLE = YES;
				IPHONEOS_DEPLOYMENT_TARGET = 16.4;
				MTL_ENABLE_DEBUG_INFO = NO;
				MTL_FAST_MATH = YES;
				SDKROOT = iphoneos;
				SWIFT_COMPILATION_MODE = wholemodule;
				SWIFT_OPTIMIZATION_LEVEL = "-O";
				VALIDATE_PRODUCT = YES;
			};
			name = Release;
		};
		4642BA8A2AA11BC7008FD075 /* Debug */ = {
			isa = XCBuildConfiguration;
			buildSettings = {
				ASSETCATALOG_COMPILER_APPICON_NAME = AppIcon;
				ASSETCATALOG_COMPILER_GLOBAL_ACCENT_COLOR_NAME = AccentColor;
				CODE_SIGN_STYLE = Automatic;
				CURRENT_PROJECT_VERSION = 1;
				DEVELOPMENT_ASSET_PATHS = "\"Chumovskikh_HW1/Preview Content\"";
				DEVELOPMENT_TEAM = 68DGCYQ83R;
				ENABLE_PREVIEWS = YES;
				GENERATE_INFOPLIST_FILE = YES;
				INFOPLIST_KEY_UIApplicationSceneManifest_Generation = YES;
				INFOPLIST_KEY_UIApplicationSupportsIndirectInputEvents = YES;
				INFOPLIST_KEY_UILaunchScreen_Generation = YES;
				INFOPLIST_KEY_UISupportedInterfaceOrientations_iPad = "UIInterfaceOrientationPortrait UIInterfaceOrientationPortraitUpsideDown UIInterfaceOrientationLandscapeLeft UIInterfaceOrientationLandscapeRight";
				INFOPLIST_KEY_UISupportedInterfaceOrientations_iPhone = "UIInterfaceOrientationPortrait UIInterfaceOrientationLandscapeLeft UIInterfaceOrientationLandscapeRight";
				LD_RUNPATH_SEARCH_PATHS = (
					"$(inherited)",
					"@executable_path/Frameworks",
				);
				MARKETING_VERSION = 1.0;
				PRODUCT_BUNDLE_IDENTIFIER = "SergeyChumovskikh.Chumovskikh-HW1";
				PRODUCT_NAME = "$(TARGET_NAME)";
				SWIFT_EMIT_LOC_STRINGS = YES;
				SWIFT_VERSION = 5.0;
				TARGETED_DEVICE_FAMILY = "1,2";
			};
			name = Debug;
		};
		4642BA8B2AA11BC7008FD075 /* Release */ = {
			isa = XCBuildConfiguration;
			buildSettings = {
				ASSETCATALOG_COMPILER_APPICON_NAME = AppIcon;
				ASSETCATALOG_COMPILER_GLOBAL_ACCENT_COLOR_NAME = AccentColor;
				CODE_SIGN_STYLE = Automatic;
				CURRENT_PROJECT_VERSION = 1;
				DEVELOPMENT_ASSET_PATHS = "\"Chumovskikh_HW1/Preview Content\"";
				DEVELOPMENT_TEAM = 68DGCYQ83R;
				ENABLE_PREVIEWS = YES;
				GENERATE_INFOPLIST_FILE = YES;
				INFOPLIST_KEY_UIApplicationSceneManifest_Generation = YES;
				INFOPLIST_KEY_UIApplicationSupportsIndirectInputEvents = YES;
				INFOPLIST_KEY_UILaunchScreen_Generation = YES;
				INFOPLIST_KEY_UISupportedInterfaceOrientations_iPad = "UIInterfaceOrientationPortrait UIInterfaceOrientationPortraitUpsideDown UIInterfaceOrientationLandscapeLeft UIInterfaceOrientationLandscapeRight";
				INFOPLIST_KEY_UISupportedInterfaceOrientations_iPhone = "UIInterfaceOrientationPortrait UIInterfaceOrientationLandscapeLeft UIInterfaceOrientationLandscapeRight";
				LD_RUNPATH_SEARCH_PATHS = (
					"$(inherited)",
					"@executable_path/Frameworks",
				);
				MARKETING_VERSION = 1.0;
				PRODUCT_BUNDLE_IDENTIFIER = "SergeyChumovskikh.Chumovskikh-HW1";
				PRODUCT_NAME = "$(TARGET_NAME)";
				SWIFT_EMIT_LOC_STRINGS = YES;
				SWIFT_VERSION = 5.0;
				TARGETED_DEVICE_FAMILY = "1,2";
			};
			name = Release;
		};
/* End XCBuildConfiguration section */

/* Begin XCConfigurationList section */
		4642BA762AA11BC5008FD075 /* Build configuration list for PBXProject "Chumovskikh_HW1" */ = {
			isa = XCConfigurationList;
			buildConfigurations = (
				4642BA872AA11BC7008FD075 /* Debug */,
				4642BA882AA11BC7008FD075 /* Release */,
			);
			defaultConfigurationIsVisible = 0;
			defaultConfigurationName = Release;
		};
		4642BA892AA11BC7008FD075 /* Build configuration list for PBXNativeTarget "Chumovskikh_HW1" */ = {
			isa = XCConfigurationList;
			buildConfigurations = (
				4642BA8A2AA11BC7008FD075 /* Debug */,
				4642BA8B2AA11BC7008FD075 /* Release */,
			);
			defaultConfigurationIsVisible = 0;
			defaultConfigurationName = Release;
		};
/* End XCConfigurationList section */
	};
	rootObject = 4642BA732AA11BC5008FD075 /* Project object */;
}
